{
  "nodes": {
    "devenv": {
      "locked": {
        "dir": "src/modules",
        "lastModified": 1787350801,
        "narHash": "sha256-gEOKc1EhkbrUj7JTjxwlNyh42vu89lpiyP33ubx/NCw=",
        "owner": "cachix",
        "repo": "devenv",
        "rev": "5844e78c960ab73bb92e131bc2902b39b9ee52dd",
        "type": "github"
      },
      "original": {
        "dir": "src/modules",
        "owner": "cachix",
        "repo": "devenv",
        "type": "github"
      }
    },
    "evm": {
      "inputs": {
        "nixpkgs": "nixpkgs",
        "rust-overlay": "rust-overlay"
      },
      "locked": {
        "lastModified": 1785513266,
        "narHash": "sha256-zjTyf7Ncvv1IwDZuH9zGTlkMnyKQUpuP9wBbVTzxe6I=",
        "owner": "gabehellz",
        "repo": "evm.nix",
        "rev": "f588db01c820a9d8ea571ffda7dba08e2928110e",
        "type": "github"
      },
      "original": {
        "owner": "gabehellz",
        "ref": "master",
        "repo": "evm.nix",
        "type": "github"
      }
    },
    "flake-compat": {
      "flake": false,
      "locked": {
        "lastModified": 1767039857,
        "narHash": "sha256-vNpUSpF5Nuw8xvDLj2KCwwksIbjua2LZCqhV1LNRDns=",
        "owner": "NixOS",
        "repo": "flake-compat",
        "rev": "5edf11c44bc78a0d334f6334cdaf7d60d732daab",
        "type": "github"
      },
      "original": {
        "owner": "NixOS",
        "repo": "flake-compat",
        "type": "github"
      }
    },
    "git-hooks": {
      "inputs": {
        "flake-compat": "flake-compat",
        "nixpkgs": [
          "nixpkgs"
        ]
      },
      "locked": {
        "lastModified": 1784288435,
        "narHash": "sha256-ReRHaLgr/uVqdD8afFSn+myXIfpHeOhP0yYe0TJqAA8=",
        "owner": "cachix",
        "repo": "git-hooks.nix",
        "rev": "43b3c1ab9d40fb1dbb008f451988a91e375825e9",
        "type": "github"
      },
      "original": {
        "owner": "cachix",
        "repo": "git-hooks.nix",
        "type": "github"
      }
    },
    "nixpkgs": {
      "locked": {
        "lastModified": 1784115452,
        "narHash": "sha256-BoYPdqk6jlKXy+DyUzyGV/CtRGfAhk2MmIgBhsemTGI=",
        "owner": "NixOS",
        "repo": "nixpkgs",
        "rev": "35d3407a3816f3b341d8cf1d60abaf2b7b8166ac",
        "type": "github"
      },
      "original": {
        "owner": "NixOS",
        "ref": "nixpkgs-unstable",
        "repo": "nixpkgs",
        "type": "github"
      }
    },
    "nixpkgs-src": {
      "flake": false,
      "locked": {
        "lastModified": 1786858016,
        "narHash": "sha256-Vczr2zxD0orq6N2QQe5uqOGF7TRDcQJRRuAcsdHr4kg=",
        "owner": "NixOS",
        "repo": "nixpkgs",
        "rev": "54ba4bcec4043e72a4006d825e0d7aff5562008f",
        "type": "github"
      },
      "original": {
        "owner": "NixOS",
        "ref": "nixpkgs-unstable",
        "repo": "nixpkgs",
        "type": "github"
      }
    },
    "nixpkgs_2": {
      "inputs": {
        "nixpkgs-src": "nixpkgs-src"
      },
      "locked": {
        "lastModified": 1787002832,
        "narHash": "sha256-DGkHh88/7YLVGZ7HzSVN4YmUmR+wGKudIp6H9UsUNT0=",
        "owner": "cachix",
        "repo": "devenv-nixpkgs",
        "rev": "ee3d58d53cfcddfc0ae6fc7f04f4fe2a0c7cf0ed",
        "type": "github"
      },
      "original": {
        "owner": "cachix",
        "ref": "rolling",
        "repo": "devenv-nixpkgs",
        "type": "github"
      }
    },
    "root": {
      "inputs": {
        "devenv": "devenv",
        "evm": "evm",
        "git-hooks": "git-hooks",
        "nixpkgs": "nixpkgs_2"
      }
    },
    "rust-overlay": {
      "inputs": {
        "nixpkgs": [
          "evm",
          "nixpkgs"
        ]
      },
      "locked": {
        "lastModified": 1784611586,
        "narHash": "sha256-OfqgY+0hp/zseZB7uyH0U8kIDPS4scZZCyAurEplvG0=",
        "owner": "oxalica",
        "repo": "rust-overlay",
        "rev": "14f58845249f3552a89b07772626b8d3c632fa86",
        "type": "github"
      },
      "original": {
        "owner": "oxalica",
        "repo": "rust-overlay",
        "type": "github"
      }
    }
  },
  "root": "root",
  "version": 7
}